// !$*UTF8*$!
{
	archiveVersion = 1;
	classes = {
	};
	objectVersion = 56;
	objects = {

/* Begin PBXBuildFile section */
		8E6F7F6B29E81B8200C2964B /* DatesApp.swift in Sources */ = {isa = PBXBuildFile; fileRef = 8E6F7F6A29E81B8200C2964B /* DatesApp.swift */; };
		8E6F7F6D29E81B8200C2964B /* ContentView.swift in Sources */ = {isa = PBXBuildFile; fileRef = 8E6F7F6C29E81B8200C2964B /* ContentView.swift */; };
		8E6F7F6F29E81B8300C2964B /* Assets.xcassets in Resources */ = {isa = PBXBuildFile; fileRef = 8E6F7F6E29E81B8300C2964B /* Assets.xcassets */; };
		8E6F7F7229E81B8300C2964B /* Preview Assets.xcassets in Resources */ = {isa = PBXBuildFile; fileRef = 8E6F7F7129E81B8300C2964B /* Preview Assets.xcassets */; };
		8E6F7F7C29E82A3800C2964B /* CurrentDate.swift in Sources */ = {isa = PBXBuildFile; fileRef = 8E6F7F7B29E82A3800C2964B /* CurrentDate.swift */; };
		8E6F7F7E29E82A8800C2964B /* DateHttpService.swift in Sources */ = {isa = PBXBuildFile; fileRef = 8E6F7F7D29E82A8800C2964B /* DateHttpService.swift */; };
		8E6F7F8129E82AE200C2964B /* Constants.swift in Sources */ = {isa = PBXBuildFile; fileRef = 8E6F7F8029E82AE200C2964B /* Constants.swift */; };
		8E6F7F8329E82EDA00C2964B /* DateListViewModel.swift in Sources */ = {isa = PBXBuildFile; fileRef = 8E6F7F8229E82EDA00C2964B /* DateListViewModel.swift */; };
/* End PBXBuildFile section */

/* Begin PBXFileReference section */
		8E6F7F6729E81B8200C2964B /* Dates.app */ = {isa = PBXFileReference; explicitFileType = wrapper.application; includeInIndex = 0; path = Dates.app; sourceTree = BUILT_PRODUCTS_DIR; };
		8E6F7F6A29E81B8200C2964B /* DatesApp.swift */ = {isa = PBXFileReference; lastKnownFileType = sourcecode.swift; path = DatesApp.swift; sourceTree = "<group>"; };
		8E6F7F6C29E81B8200C2964B /* ContentView.swift */ = {isa = PBXFileReference; lastKnownFileType = sourcecode.swift; path = ContentView.swift; sourceTree = "<group>"; };
		8E6F7F6E29E81B8300C2964B /* Assets.xcassets */ = {isa = PBXFileReference; lastKnownFileType = folder.assetcatalog; path = Assets.xcassets; sourceTree = "<group>"; };
		8E6F7F7129E81B8300C2964B /* Preview Assets.xcassets */ = {isa = PBXFileReference; lastKnownFileType = folder.assetcatalog; path = "Preview Assets.xcassets"; sourceTree = "<group>"; };
		8E6F7F7B29E82A3800C2964B /* CurrentDate.swift */ = {isa = PBXFileReference; lastKnownFileType = sourcecode.swift; path = CurrentDate.swift; sourceTree = "<group>"; };
		8E6F7F7D29E82A8800C2964B /* DateHttpService.swift */ = {isa = PBXFileReference; lastKnownFileType = sourcecode.swift; path = DateHttpService.swift; sourceTree = "<group>"; };
		8E6F7F8029E82AE200C2964B /* Constants.swift */ = {isa = PBXFileReference; lastKnownFileType = sourcecode.swift; path = Constants.swift; sourceTree = "<group>"; };
		8E6F7F8229E82EDA00C2964B /* DateListViewModel.swift */ = {isa = PBXFileReference; lastKnownFileType = sourcecode.swift; path = DateListViewModel.swift; sourceTree = "<group>"; };
/* End PBXFileReference section */

/* Begin PBXFrameworksBuildPhase section */
		8E6F7F6429E81B8200C2964B /* Frameworks */ = {
			isa = PBXFrameworksBuildPhase;
			buildActionMask = 2147483647;
			files = (
			);
			runOnlyForDeploymentPostprocessing = 0;
		};
/* End PBXFrameworksBuildPhase section */

/* Begin PBXGroup section */
		8E6F7F5E29E81B8200C2964B = {
			isa = PBXGroup;
			children = (
				8E6F7F6929E81B8200C2964B /* Dates */,
				8E6F7F6829E81B8200C2964B /* Products */,
			);
			sourceTree = "<group>";
		};
		8E6F7F6829E81B8200C2964B /* Products */ = {
			isa = PBXGroup;
			children = (
				8E6F7F6729E81B8200C2964B /* Dates.app */,
			);
			name = Products;
			sourceTree = "<group>";
		};
		8E6F7F6929E81B8200C2964B /* Dates */ = {
			isa = PBXGroup;
			children = (
				8E6F7F7F29E82AC700C2964B /* Constants */,
				8E6F7F7A29E82A1A00C2964B /* Service */,
				8E6F7F7929E829F900C2964B /* ViewModel */,
				8E6F7F7829E829E700C2964B /* Model */,
				8E6F7F6A29E81B8200C2964B /* DatesApp.swift */,
				8E6F7F6C29E81B8200C2964B /* ContentView.swift */,
				8E6F7F6E29E81B8300C2964B /* Assets.xcassets */,
				8E6F7F7029E81B8300C2964B /* Preview Content */,
			);
			path = Dates;
			sourceTree = "<group>";
		};
		8E6F7F7029E81B8300C2964B /* Preview Content */ = {
			isa = PBXGroup;
			children = (
				8E6F7F7129E81B8300C2964B /* Preview Assets.xcassets */,
			);
			path = "Preview Content";
			sourceTree = "<group>";
		};
		8E6F7F7829E829E700C2964B /* Model */ = {
			isa = PBXGroup;
			children = (
				8E6F7F7B29E82A3800C2964B /* CurrentDate.swift */,
			);
			path = Model;
			sourceTree = "<group>";
		};
		8E6F7F7929E829F900C2964B /* ViewModel */ = {
			isa = PBXGroup;
			children = (
				8E6F7F8229E82EDA00C2964B /* DateListViewModel.swift */,
			);
			path = ViewModel;
			sourceTree = "<group>";
		};
		8E6F7F7A29E82A1A00C2964B /* Service */ = {
			isa = PBXGroup;
			children = (
				8E6F7F7D29E82A8800C2964B /* DateHttpService.swift */,
			);
			path = Service;
			sourceTree = "<group>";
		};
		8E6F7F7F29E82AC700C2964B /* Constants */ = {
			isa = PBXGroup;
			children = (
				8E6F7F8029E82AE200C2964B /* Constants.swift */,
			);
			path = Constants;
			sourceTree = "<group>";
		};
/* End PBXGroup section */

/* Begin PBXNativeTarget section */
		8E6F7F6629E81B8200C2964B /* Dates */ = {
			isa = PBXNativeTarget;
			buildConfigurationList = 8E6F7F7529E81B8300C2964B /* Build configuration list for PBXNativeTarget "Dates" */;
			buildPhases = (
				8E6F7F6329E81B8200C2964B /* Sources */,
				8E6F7F6429E81B8200C2964B /* Frameworks */,
				8E6F7F6529E81B8200C2964B /* Resources */,
			);
			buildRules = (
			);
			dependencies = (
			);
			name = Dates;
			productName = Dates;
			productReference = 8E6F7F6729E81B8200C2964B /* Dates.app */;
			productType = "com.apple.product-type.application";
		};
/* End PBXNativeTarget section */

/* Begin PBXProject section */
		8E6F7F5F29E81B8200C2964B /* Project object */ = {
			isa = PBXProject;
			attributes = {
				BuildIndependentTargetsInParallel = 1;
				LastSwiftUpdateCheck = 1430;
				LastUpgradeCheck = 1430;
				TargetAttributes = {
					8E6F7F6629E81B8200C2964B = {
						CreatedOnToolsVersion = 14.3;
					};
				};
			};
			buildConfigurationList = 8E6F7F6229E81B8200C2964B /* Build configuration list for PBXProject "Dates" */;
			compatibilityVersion = "Xcode 14.0";
			developmentRegion = en;
			hasScannedForEncodings = 0;
			knownRegions = (
				en,
				Base,
			);
			mainGroup = 8E6F7F5E29E81B8200C2964B;
			productRefGroup = 8E6F7F6829E81B8200C2964B /* Products */;
			projectDirPath = "";
			projectRoot = "";
			targets = (
				8E6F7F6629E81B8200C2964B /* Dates */,
			);
		};
/* End PBXProject section */

/* Begin PBXResourcesBuildPhase section */
		8E6F7F6529E81B8200C2964B /* Resources */ = {
			isa = PBXResourcesBuildPhase;
			buildActionMask = 2147483647;
			files = (
				8E6F7F7229E81B8300C2964B /* Preview Assets.xcassets in Resources */,
				8E6F7F6F29E81B8300C2964B /* Assets.xcassets in Resources */,
			);
			runOnlyForDeploymentPostprocessing = 0;
		};
/* End PBXResourcesBuildPhase section */

/* Begin PBXSourcesBuildPhase section */
		8E6F7F6329E81B8200C2964B /* Sources */ = {
			isa = PBXSourcesBuildPhase;
			buildActionMask = 2147483647;
			files = (
				8E6F7F8329E82EDA00C2964B /* DateListViewModel.swift in Sources */,
				8E6F7F8129E82AE200C2964B /* Constants.swift in Sources */,
				8E6F7F6D29E81B8200C2964B /* ContentView.swift in Sources */,
				8E6F7F7C29E82A3800C2964B /* CurrentDate.swift in Sources */,
				8E6F7F6B29E81B8200C2964B /* DatesApp.swift in Sources */,
				8E6F7F7E29E82A8800C2964B /* DateHttpService.swift in Sources */,
			);
			runOnlyForDeploymentPostprocessing = 0;
		};
/* End PBXSourcesBuildPhase section */

/* Begin XCBuildConfiguration section */
		8E6F7F7329E81B8300C2964B /* Debug */ = {
			isa = XCBuildConfiguration;
			buildSettings = {
				ALWAYS_SEARCH_USER_PATHS = NO;
				CLANG_ANALYZER_NONNULL = YES;
				CLANG_ANALYZER_NUMBER_OBJECT_CONVERSION = YES_AGGRESSIVE;
				CLANG_CXX_LANGUAGE_STANDARD = "gnu++20";
				CLANG_ENABLE_MODULES = YES;
				CLANG_ENABLE_OBJC_ARC = YES;
				CLANG_ENABLE_OBJC_WEAK = YES;
				CLANG_WARN_BLOCK_CAPTURE_AUTORELEASING = YES;
				CLANG_WARN_BOOL_CONVERSION = YES;
				CLANG_WARN_COMMA = YES;
				CLANG_WARN_CONSTANT_CONVERSION = YES;
				CLANG_WARN_DEPRECATED_OBJC_IMPLEMENTATIONS = YES;
				CLANG_WARN_DIRECT_OBJC_ISA_USAGE = YES_ERROR;
				CLANG_WARN_DOCUMENTATION_COMMENTS = YES;
				CLANG_WARN_EMPTY_BODY = YES;
				CLANG_WARN_ENUM_CONVERSION = YES;
				CLANG_WARN_INFINITE_RECURSION = YES;
				CLANG_WARN_INT_CONVERSION = YES;
				CLANG_WARN_NON_LITERAL_NULL_CONVERSION = YES;
				CLANG_WARN_OBJC_IMPLICIT_RETAIN_SELF = YES;
				CLANG_WARN_OBJC_LITERAL_CONVERSION = YES;
				CLANG_WARN_OBJC_ROOT_CLASS = YES_ERROR;
				CLANG_WARN_QUOTED_INCLUDE_IN_FRAMEWORK_HEADER = YES;
				CLANG_WARN_RANGE_LOOP_ANALYSIS = YES;
				CLANG_WARN_STRICT_PROTOTYPES = YES;
				CLANG_WARN_SUSPICIOUS_MOVE = YES;
				CLANG_WARN_UNGUARDED_AVAILABILITY = YES_AGGRESSIVE;
				CLANG_WARN_UNREACHABLE_CODE = YES;
				CLANG_WARN__DUPLICATE_METHOD_MATCH = YES;
				COPY_PHASE_STRIP = NO;
				DEBUG_INFORMATION_FORMAT = dwarf;
				ENABLE_STRICT_OBJC_MSGSEND = YES;
				ENABLE_TESTABILITY = YES;
				GCC_C_LANGUAGE_STANDARD = gnu11;
				GCC_DYNAMIC_NO_PIC = NO;
				GCC_NO_COMMON_BLOCKS = YES;
				GCC_OPTIMIZATION_LEVEL = 0;
				GCC_PREPROCESSOR_DEFINITIONS = (
					"DEBUG=1",
					"$(inherited)",
				);
				GCC_WARN_64_TO_32_BIT_CONVERSION = YES;
				GCC_WARN_ABOUT_RETURN_TYPE = YES_ERROR;
				GCC_WARN_UNDECLARED_SELECTOR = YES;
				GCC_WARN_UNINITIALIZED_AUTOS = YES_AGGRESSIVE;
				GCC_WARN_UNUSED_FUNCTION = YES;
				GCC_WARN_UNUSED_VARIABLE = YES;
				IPHONEOS_DEPLOYMENT_TARGET = 16.4;
				MTL_ENABLE_DEBUG_INFO = INCLUDE_SOURCE;
				MTL_FAST_MATH = YES;
				ONLY_ACTIVE_ARCH = YES;
				SDKROOT = iphoneos;
				SWIFT_ACTIVE_COMPILATION_CONDITIONS = DEBUG;
				SWIFT_OPTIMIZATION_LEVEL = "-Onone";
			};
			name = Debug;
		};
		8E6F7F7429E81B8300C2964B /* Release */ = {
			isa = XCBuildConfiguration;
			buildSettings = {
				ALWAYS_SEARCH_USER_PATHS = NO;
				CLANG_ANALYZER_NONNULL = YES;
				CLANG_ANALYZER_NUMBER_OBJECT_CONVERSION = YES_AGGRESSIVE;
				CLANG_CXX_LANGUAGE_STANDARD = "gnu++20";
				CLANG_ENABLE_MODULES = YES;
				CLANG_ENABLE_OBJC_ARC = YES;
				CLANG_ENABLE_OBJC_WEAK = YES;
				CLANG_WARN_BLOCK_CAPTURE_AUTORELEASING = YES;
				CLANG_WARN_BOOL_CONVERSION = YES;
				CLANG_WARN_COMMA = YES;
				CLANG_WARN_CONSTANT_CONVERSION = YES;
				CLANG_WARN_DEPRECATED_OBJC_IMPLEMENTATIONS = YES;
				CLANG_WARN_DIRECT_OBJC_ISA_USAGE = YES_ERROR;
				CLANG_WARN_DOCUMENTATION_COMMENTS = YES;
				CLANG_WARN_EMPTY_BODY = YES;
				CLANG_WARN_ENUM_CONVERSION = YES;
				CLANG_WARN_INFINITE_RECURSION = YES;
				CLANG_WARN_INT_CONVERSION = YES;
				CLANG_WARN_NON_LITERAL_NULL_CONVERSION = YES;
				CLANG_WARN_OBJC_IMPLICIT_RETAIN_SELF = YES;
				CLANG_WARN_OBJC_LITERAL_CONVERSION = YES;
				CLANG_WARN_OBJC_ROOT_CLASS = YES_ERROR;
				CLANG_WARN_QUOTED_INCLUDE_IN_FRAMEWORK_HEADER = YES;
				CLANG_WARN_RANGE_LOOP_ANALYSIS = YES;
				CLANG_WARN_STRICT_PROTOTYPES = YES;
				CLANG_WARN_SUSPICIOUS_MOVE = YES;
				CLANG_WARN_UNGUARDED_AVAILABILITY = YES_AGGRESSIVE;
				CLANG_WARN_UNREACHABLE_CODE = YES;
				CLANG_WARN__DUPLICATE_METHOD_MATCH = YES;
				COPY_PHASE_STRIP = NO;
				DEBUG_INFORMATION_FORMAT = "dwarf-with-dsym";
				ENABLE_NS_ASSERTIONS = NO;
				ENABLE_STRICT_OBJC_MSGSEND = YES;
				GCC_C_LANGUAGE_STANDARD = gnu11;
				GCC_NO_COMMON_BLOCKS = YES;
				GCC_WARN_64_TO_32_BIT_CONVERSION = YES;
				GCC_WARN_ABOUT_RETURN_TYPE = YES_ERROR;
				GCC_WARN_UNDECLARED_SELECTOR = YES;
				GCC_WARN_UNINITIALIZED_AUTOS = YES_AGGRESSIVE;
				GCC_WARN_UNUSED_FUNCTION = YES;
				GCC_WARN_UNUSED_VARIABLE = YES;
				IPHONEOS_DEPLOYMENT_TARGET = 16.4;
				MTL_ENABLE_DEBUG_INFO = NO;
				MTL_FAST_MATH = YES;
				SDKROOT = iphoneos;
				SWIFT_COMPILATION_MODE = wholemodule;
				SWIFT_OPTIMIZATION_LEVEL = "-O";
				VALIDATE_PRODUCT = YES;
			};
			name = Release;
		};
		8E6F7F7629E81B8300C2964B /* Debug */ = {
			isa = XCBuildConfiguration;
			buildSettings = {
				ASSETCATALOG_COMPILER_APPICON_NAME = AppIcon;
				ASSETCATALOG_COMPILER_GLOBAL_ACCENT_COLOR_NAME = AccentColor;
				CODE_SIGN_STYLE = Automatic;
				CURRENT_PROJECT_VERSION = 1;
				DEVELOPMENT_ASSET_PATHS = "\"Dates/Preview Content\"";
				DEVELOPMENT_TEAM = 76T37C7ZY5;
				ENABLE_PREVIEWS = YES;
				GENERATE_INFOPLIST_FILE = YES;
				INFOPLIST_KEY_UIApplicationSceneManifest_Generation = YES;
				INFOPLIST_KEY_UIApplicationSupportsIndirectInputEvents = YES;
				INFOPLIST_KEY_UILaunchScreen_Generation = YES;
				INFOPLIST_KEY_UISupportedInterfaceOrientations_iPad = "UIInterfaceOrientationPortrait UIInterfaceOrientationPortraitUpsideDown UIInterfaceOrientationLandscapeLeft UIInterfaceOrientationLandscapeRight";
				INFOPLIST_KEY_UISupportedInterfaceOrientations_iPhone = "UIInterfaceOrientationPortrait UIInterfaceOrientationLandscapeLeft UIInterfaceOrientationLandscapeRight";
				LD_RUNPATH_SEARCH_PATHS = (
					"$(inherited)",
					"@executable_path/Frameworks",
				);
				MARKETING_VERSION = 1.0;
				PRODUCT_BUNDLE_IDENTIFIER = com.dirisu.jesse.Dates;
				PRODUCT_NAME = "$(TARGET_NAME)";
				SWIFT_EMIT_LOC_STRINGS = YES;
				SWIFT_VERSION = 5.0;
				TARGETED_DEVICE_FAMILY = "1,2";
			};
			name = Debug;
		};
		8E6F7F7729E81B8300C2964B /* Release */ = {
			isa = XCBuildConfiguration;
			buildSettings = {
				ASSETCATALOG_COMPILER_APPICON_NAME = AppIcon;
				ASSETCATALOG_COMPILER_GLOBAL_ACCENT_COLOR_NAME = AccentColor;
				CODE_SIGN_STYLE = Automatic;
				CURRENT_PROJECT_VERSION = 1;
				DEVELOPMENT_ASSET_PATHS = "\"Dates/Preview Content\"";
				DEVELOPMENT_TEAM = 76T37C7ZY5;
				ENABLE_PREVIEWS = YES;
				GENERATE_INFOPLIST_FILE = YES;
				INFOPLIST_KEY_UIApplicationSceneManifest_Generation = YES;
				INFOPLIST_KEY_UIApplicationSupportsIndirectInputEvents = YES;
				INFOPLIST_KEY_UILaunchScreen_Generation = YES;
				INFOPLIST_KEY_UISupportedInterfaceOrientations_iPad = "UIInterfaceOrientationPortrait UIInterfaceOrientationPortraitUpsideDown UIInterfaceOrientationLandscapeLeft UIInterfaceOrientationLandscapeRight";
				INFOPLIST_KEY_UISupportedInterfaceOrientations_iPhone = "UIInterfaceOrientationPortrait UIInterfaceOrientationLandscapeLeft UIInterfaceOrientationLandscapeRight";
				LD_RUNPATH_SEARCH_PATHS = (
					"$(inherited)",
					"@executable_path/Frameworks",
				);
				MARKETING_VERSION = 1.0;
				PRODUCT_BUNDLE_IDENTIFIER = com.dirisu.jesse.Dates;
				PRODUCT_NAME = "$(TARGET_NAME)";
				SWIFT_EMIT_LOC_STRINGS = YES;
				SWIFT_VERSION = 5.0;
				TARGETED_DEVICE_FAMILY = "1,2";
			};
			name = Release;
		};
/* End XCBuildConfiguration section */

/* Begin XCConfigurationList section */
		8E6F7F6229E81B8200C2964B /* Build configuration list for PBXProject "Dates" */ = {
			isa = XCConfigurationList;
			buildConfigurations = (
				8E6F7F7329E81B8300C2964B /* Debug */,
				8E6F7F7429E81B8300C2964B /* Release */,
			);
			defaultConfigurationIsVisible = 0;
			defaultConfigurationName = Release;
		};
		8E6F7F7529E81B8300C2964B /* Build configuration list for PBXNativeTarget "Dates" */ = {
			isa = XCConfigurationList;
			buildConfigurations = (
				8E6F7F7629E81B8300C2964B /* Debug */,
				8E6F7F7729E81B8300C2964B /* Release */,
			);
			defaultConfigurationIsVisible = 0;
			defaultConfigurationName = Release;
		};
/* End XCConfigurationList section */
	};
	rootObject = 8E6F7F5F29E81B8200C2964B /* Project object */;
}
